
Microsoft Visual Studio Solution File, Format Version 12.00
# Visual Studio Version 16
VisualStudioVersion = 16.0.31321.278
MinimumVisualStudioVersion = 10.0.40219.1
Project("{9A19103F-16F7-4668-BE54-9A1E7A4F7556}") = "PortalAsp", "PortalAsp\PortalAsp.csproj", "{9C70A3DF-BCCA-4C4F-AAAD-62C338EEDCA4}"
EndProject
Project("{9A19103F-16F7-4668-BE54-9A1E7A4F7556}") = "PortalModels", "PortalModels\PortalModels.csproj", "{F2624AF8-992F-49A1-8C69-CF8944D83FFB}"
EndProject
Project("{9A19103F-16F7-4668-BE54-9A1E7A4F7556}") = "PortalAsp.EfCore", "PortalAsp.EfCore\PortalAsp.EfCore.csproj", "{D8E0CEC4-FA45-466C-8ADE-59479D1E65EC}"
EndProject
Project("{FAE04EC0-301F-11D3-BF4B-00C04F79EFBC}") = "PortalAsp.Tests", "PortalAsp.Tests\PortalAsp.Tests.csproj", "{AB771EC6-17D8-4BBE-A4AC-DC2DFD2DDDE9}"
EndProject
Global
	GlobalSection(SolutionConfigurationPlatforms) = preSolution
		Debug|Any CPU = Debug|Any CPU
		Release|Any CPU = Release|Any CPU
	EndGlobalSection
	GlobalSection(ProjectConfigurationPlatforms) = postSolution
		{9C70A3DF-BCCA-4C4F-AAAD-62C338EEDCA4}.Debug|Any CPU.ActiveCfg = Debug|Any CPU
		{9C70A3DF-BCCA-4C4F-AAAD-62C338EEDCA4}.Debug|Any CPU.Build.0 = Debug|Any CPU
		{9C70A3DF-BCCA-4C4F-AAAD-62C338EEDCA4}.Release|Any CPU.ActiveCfg = Release|Any CPU
		{9C70A3DF-BCCA-4C4F-AAAD-62C338EEDCA4}.Release|Any CPU.Build.0 = Release|Any CPU
		{F2624AF8-992F-49A1-8C69-CF8944D83FFB}.Debug|Any CPU.ActiveCfg = Debug|Any CPU
		{F2624AF8-992F-49A1-8C69-CF8944D83FFB}.Debug|Any CPU.Build.0 = Debug|Any CPU
		{F2624AF8-992F-49A1-8C69-CF8944D83FFB}.Release|Any CPU.ActiveCfg = Release|Any CPU
		{F2624AF8-992F-49A1-8C69-CF8944D83FFB}.Release|Any CPU.Build.0 = Release|Any CPU
		{D8E0CEC4-FA45-466C-8ADE-59479D1E65EC}.Debug|Any CPU.ActiveCfg = Debug|Any CPU
		{D8E0CEC4-FA45-466C-8ADE-59479D1E65EC}.Debug|Any CPU.Build.0 = Debug|Any CPU
		{D8E0CEC4-FA45-466C-8ADE-59479D1E65EC}.Release|Any CPU.ActiveCfg = Release|Any CPU
		{D8E0CEC4-FA45-466C-8ADE-59479D1E65EC}.Release|Any CPU.Build.0 = Release|Any CPU
		{AB771EC6-17D8-4BBE-A4AC-DC2DFD2DDDE9}.Debug|Any CPU.ActiveCfg = Debug|Any CPU
		{AB771EC6-17D8-4BBE-A4AC-DC2DFD2DDDE9}.Debug|Any CPU.Build.0 = Debug|Any CPU
		{AB771EC6-17D8-4BBE-A4AC-DC2DFD2DDDE9}.Release|Any CPU.ActiveCfg = Release|Any CPU
		{AB771EC6-17D8-4BBE-A4AC-DC2DFD2DDDE9}.Release|Any CPU.Build.0 = Release|Any CPU
	EndGlobalSection
	GlobalSection(SolutionProperties) = preSolution
		HideSolutionNode = FALSE
	EndGlobalSection
	GlobalSection(ExtensibilityGlobals) = postSolution
		SolutionGuid = {F2C89053-DDD6-447A-AAF0-6443B0FE82A1}
	EndGlobalSection
EndGlobal
